
Microsoft Visual Studio Solution File, Format Version 12.00
# Visual Studio Version 17
VisualStudioVersion = 17.0.31903.59
MinimumVisualStudioVersion = 10.0.40219.1
Project("{2150E333-8FDC-42A3-9474-1A3956D46DE8}") = "Adapters", "Adapters", "{4AB31C76-1707-4967-9AE7-89538EDA35FB}"
EndProject
Project("{2150E333-8FDC-42A3-9474-1A3956D46DE8}") = "Driver", "Driver", "{14F0B231-C18D-4EA3-A923-B1B335DE91A9}"
EndProject
Project("{FAE04EC0-301F-11D3-BF4B-00C04F79EFBC}") = "WorkTracker.API", "Adapters\Driver\WorkTracker.API\WorkTracker.API.csproj", "{62647318-ABCA-4F16-82B8-2F1F6C303C9B}"
EndProject
Project("{2150E333-8FDC-42A3-9474-1A3956D46DE8}") = "Driven", "Driven", "{CB04BAA6-7FDD-4FB0-BE7D-954F3E834859}"
EndProject
Project("{FAE04EC0-301F-11D3-BF4B-00C04F79EFBC}") = "WorkTracker.Gateways.MySQL", "Adapters\Driven\WorkTracker.Gateways.MySQL\WorkTracker.Gateways.MySQL.csproj", "{EBFB7154-37AE-49CE-B06B-0DE972BB9771}"
EndProject
Project("{2150E333-8FDC-42A3-9474-1A3956D46DE8}") = "Core", "Core", "{36A043D6-84D7-4A29-B2A6-E779A5346000}"
EndProject
Project("{2150E333-8FDC-42A3-9474-1A3956D46DE8}") = "Domain", "Domain", "{792F256D-C6CE-458F-A925-674B81597D36}"
EndProject
Project("{FAE04EC0-301F-11D3-BF4B-00C04F79EFBC}") = "WorkTracker.Domain.Core", "Core\Domain\WorkTracker.Domain.Core\WorkTracker.Domain.Core.csproj", "{6EC4EED6-8477-4B2A-A867-1090D6025AE9}"
EndProject
Project("{FAE04EC0-301F-11D3-BF4B-00C04F79EFBC}") = "WorkTracker.Clock.Domain", "Core\Domain\WorkTracker.Clock.Domain\WorkTracker.Clock.Domain.csproj", "{0472E2FE-0E2C-4E6C-A3B1-F9F8AF353ECB}"
EndProject
Project("{2150E333-8FDC-42A3-9474-1A3956D46DE8}") = "UseCase", "UseCase", "{32ED2458-EDF6-4F3A-A842-FEE97A94104F}"
EndProject
Project("{FAE04EC0-301F-11D3-BF4B-00C04F79EFBC}") = "WorkTracker.Clock.UseCase", "Core\UseCase\WorkTracker.Clock.UseCase\WorkTracker.Clock.UseCase.csproj", "{8F72B688-7637-4191-883A-4544B7F81A6C}"
EndProject
Project("{2150E333-8FDC-42A3-9474-1A3956D46DE8}") = "Data", "Data", "{693AC4DB-6FFA-4397-902D-B01E4E88882A}"
EndProject
Project("{FAE04EC0-301F-11D3-BF4B-00C04F79EFBC}") = "WorkTracker.Data.Core", "Core\Data\WorkTracker.Data.Core\WorkTracker.Data.Core.csproj", "{71F0D3BE-C05E-41E9-B06D-BA9C6215322A}"
EndProject
Project("{FAE04EC0-301F-11D3-BF4B-00C04F79EFBC}") = "WorkTracker.Gateways.Http", "Adapters\Driven\WorkTracker.Gateways.Http\WorkTracker.Gateways.Http.csproj", "{ABD28D2A-86A6-4096-B75C-18C241E61D83}"
EndProject
Project("{FAE04EC0-301F-11D3-BF4B-00C04F79EFBC}") = "WorkTracker.Gateways.Notification", "Adapters\Driven\WorkTracker.Gateways.Notification\WorkTracker.Gateways.Notification.csproj", "{F66FA3CF-5E71-4EF7-A15B-DA7CA5C703AA}"
EndProject
Global
	GlobalSection(SolutionConfigurationPlatforms) = preSolution
		Debug|Any CPU = Debug|Any CPU
		Release|Any CPU = Release|Any CPU
	EndGlobalSection
	GlobalSection(SolutionProperties) = preSolution
		HideSolutionNode = FALSE
	EndGlobalSection
	GlobalSection(ProjectConfigurationPlatforms) = postSolution
		{62647318-ABCA-4F16-82B8-2F1F6C303C9B}.Debug|Any CPU.ActiveCfg = Debug|Any CPU
		{62647318-ABCA-4F16-82B8-2F1F6C303C9B}.Debug|Any CPU.Build.0 = Debug|Any CPU
		{62647318-ABCA-4F16-82B8-2F1F6C303C9B}.Release|Any CPU.ActiveCfg = Release|Any CPU
		{62647318-ABCA-4F16-82B8-2F1F6C303C9B}.Release|Any CPU.Build.0 = Release|Any CPU
		{EBFB7154-37AE-49CE-B06B-0DE972BB9771}.Debug|Any CPU.ActiveCfg = Debug|Any CPU
		{EBFB7154-37AE-49CE-B06B-0DE972BB9771}.Debug|Any CPU.Build.0 = Debug|Any CPU
		{EBFB7154-37AE-49CE-B06B-0DE972BB9771}.Release|Any CPU.ActiveCfg = Release|Any CPU
		{EBFB7154-37AE-49CE-B06B-0DE972BB9771}.Release|Any CPU.Build.0 = Release|Any CPU
		{6EC4EED6-8477-4B2A-A867-1090D6025AE9}.Debug|Any CPU.ActiveCfg = Debug|Any CPU
		{6EC4EED6-8477-4B2A-A867-1090D6025AE9}.Debug|Any CPU.Build.0 = Debug|Any CPU
		{6EC4EED6-8477-4B2A-A867-1090D6025AE9}.Release|Any CPU.ActiveCfg = Release|Any CPU
		{6EC4EED6-8477-4B2A-A867-1090D6025AE9}.Release|Any CPU.Build.0 = Release|Any CPU
		{0472E2FE-0E2C-4E6C-A3B1-F9F8AF353ECB}.Debug|Any CPU.ActiveCfg = Debug|Any CPU
		{0472E2FE-0E2C-4E6C-A3B1-F9F8AF353ECB}.Debug|Any CPU.Build.0 = Debug|Any CPU
		{0472E2FE-0E2C-4E6C-A3B1-F9F8AF353ECB}.Release|Any CPU.ActiveCfg = Release|Any CPU
		{0472E2FE-0E2C-4E6C-A3B1-F9F8AF353ECB}.Release|Any CPU.Build.0 = Release|Any CPU
		{8F72B688-7637-4191-883A-4544B7F81A6C}.Debug|Any CPU.ActiveCfg = Debug|Any CPU
		{8F72B688-7637-4191-883A-4544B7F81A6C}.Debug|Any CPU.Build.0 = Debug|Any CPU
		{8F72B688-7637-4191-883A-4544B7F81A6C}.Release|Any CPU.ActiveCfg = Release|Any CPU
		{8F72B688-7637-4191-883A-4544B7F81A6C}.Release|Any CPU.Build.0 = Release|Any CPU
		{71F0D3BE-C05E-41E9-B06D-BA9C6215322A}.Debug|Any CPU.ActiveCfg = Debug|Any CPU
		{71F0D3BE-C05E-41E9-B06D-BA9C6215322A}.Debug|Any CPU.Build.0 = Debug|Any CPU
		{71F0D3BE-C05E-41E9-B06D-BA9C6215322A}.Release|Any CPU.ActiveCfg = Release|Any CPU
		{71F0D3BE-C05E-41E9-B06D-BA9C6215322A}.Release|Any CPU.Build.0 = Release|Any CPU
		{ABD28D2A-86A6-4096-B75C-18C241E61D83}.Debug|Any CPU.ActiveCfg = Debug|Any CPU
		{ABD28D2A-86A6-4096-B75C-18C241E61D83}.Debug|Any CPU.Build.0 = Debug|Any CPU
		{ABD28D2A-86A6-4096-B75C-18C241E61D83}.Release|Any CPU.ActiveCfg = Release|Any CPU
		{ABD28D2A-86A6-4096-B75C-18C241E61D83}.Release|Any CPU.Build.0 = Release|Any CPU
		{F66FA3CF-5E71-4EF7-A15B-DA7CA5C703AA}.Debug|Any CPU.ActiveCfg = Debug|Any CPU
		{F66FA3CF-5E71-4EF7-A15B-DA7CA5C703AA}.Debug|Any CPU.Build.0 = Debug|Any CPU
		{F66FA3CF-5E71-4EF7-A15B-DA7CA5C703AA}.Release|Any CPU.ActiveCfg = Release|Any CPU
		{F66FA3CF-5E71-4EF7-A15B-DA7CA5C703AA}.Release|Any CPU.Build.0 = Release|Any CPU
	EndGlobalSection
	GlobalSection(NestedProjects) = preSolution
		{14F0B231-C18D-4EA3-A923-B1B335DE91A9} = {4AB31C76-1707-4967-9AE7-89538EDA35FB}
		{62647318-ABCA-4F16-82B8-2F1F6C303C9B} = {14F0B231-C18D-4EA3-A923-B1B335DE91A9}
		{CB04BAA6-7FDD-4FB0-BE7D-954F3E834859} = {4AB31C76-1707-4967-9AE7-89538EDA35FB}
		{EBFB7154-37AE-49CE-B06B-0DE972BB9771} = {CB04BAA6-7FDD-4FB0-BE7D-954F3E834859}
		{792F256D-C6CE-458F-A925-674B81597D36} = {36A043D6-84D7-4A29-B2A6-E779A5346000}
		{6EC4EED6-8477-4B2A-A867-1090D6025AE9} = {792F256D-C6CE-458F-A925-674B81597D36}
		{0472E2FE-0E2C-4E6C-A3B1-F9F8AF353ECB} = {792F256D-C6CE-458F-A925-674B81597D36}
		{32ED2458-EDF6-4F3A-A842-FEE97A94104F} = {36A043D6-84D7-4A29-B2A6-E779A5346000}
		{8F72B688-7637-4191-883A-4544B7F81A6C} = {32ED2458-EDF6-4F3A-A842-FEE97A94104F}
		{693AC4DB-6FFA-4397-902D-B01E4E88882A} = {36A043D6-84D7-4A29-B2A6-E779A5346000}
		{71F0D3BE-C05E-41E9-B06D-BA9C6215322A} = {693AC4DB-6FFA-4397-902D-B01E4E88882A}
		{ABD28D2A-86A6-4096-B75C-18C241E61D83} = {CB04BAA6-7FDD-4FB0-BE7D-954F3E834859}
		{F66FA3CF-5E71-4EF7-A15B-DA7CA5C703AA} = {CB04BAA6-7FDD-4FB0-BE7D-954F3E834859}
	EndGlobalSection
EndGlobal
